<?xml version="1.0" encoding="UTF-8" standalone="yes" ?>
<CodeBlocks_project_file>
	<FileVersion major="1" minor="6" />
	<Project>
		<Option title="FLTK_Todo_Starter" />
		<Option pch_mode="2" />
		<Option compiler="gcc" />
		<Build>
			<Target title="Debug">
				<Option output="bin/Debug/FLTK_Todo_Starter" prefix_auto="1" extension_auto="1" />
				<Option object_output="obj/Debug/" />
				<Option type="1" />
				<Option compiler="gcc" />
				<Compiler>
					<Add option="-g" />
				</Compiler>
			</Target>
			<Target title="Release">
				<Option output="bin/Release/FLTK_Todo_Starter" prefix_auto="1" extension_auto="1" />
				<Option object_output="obj/Release/" />
				<Option type="1" />
				<Option compiler="gcc" />
				<Compiler>
					<Add option="-O2" />
				</Compiler>
				<Linker>
					<Add option="-s" />
				</Linker>
			</Target>
		</Build>
		<Compiler>
			<Add option="-Wall" />
			<Add directory="C:/fltk-1.4.4-source/fltk-1.4.4/build" />
			<Add directory="C:/fltk-1.4.4-source/fltk-1.4.4" />
			<Add directory="C:/fltk-1.4.4-source/fltk-1.4.4/build/FL" />
		</Compiler>
		<Linker>
			<Add library="fltk" />
			<Add library="gdi32" />
			<Add library="comctl32" />
			<Add library="ole32" />
			<Add library="uuid" />
			<Add library="ws2_32" />
			<Add library="gdiplus" />
			<Add library="winspool" />
			<Add library="comdlg32" />
			<Add directory="C:/fltk-1.4.4-source/fltk-1.4.4/build/lib" />
		</Linker>
		<Unit filename="main.cpp" />
		<Extensions>
			<lib_finder disable_auto="1" />
		</Extensions>
	</Project>
</CodeBlocks_project_file>
